<?xml version="1.0" encoding="utf-8"?>
<Project ToolsVersion="4.0" xmlns="http://schemas.microsoft.com/developer/msbuild/2003">
  <ItemGroup>
    <ClCompile Include="xtl_ut.cpp" />
  </ItemGroup>
  <ItemGroup>
    <Filter Include="Include">
      <UniqueIdentifier>{d92dfc9b-1075-466c-a01b-fd7c715fee0a}</UniqueIdentifier>
    </Filter>
  </ItemGroup>
  <ItemGroup>
    <ClInclude Include="..\include\xtl\c_array.hpp">
      <Filter>Include</Filter>
    </ClInclude>
    <ClInclude Include="..\include\xtl\ut.hpp">
      <Filter>Include</Filter>
    </ClInclude>
  </ItemGroup>
</Project>